
Microsoft Visual Studio Solution File, Format Version 12.00
# Visual Studio Version 16
VisualStudioVersion = 16.0.31205.134
MinimumVisualStudioVersion = 10.0.40219.1
Project("{FAE04EC0-301F-11D3-BF4B-00C04F79EFBC}") = "WebService-SOAP", "WebService-SOAP\WebService-SOAP.csproj", "{026D9D3C-D33D-4C75-83A0-6C8B1040D00E}"
EndProject
Project("{FAE04EC0-301F-11D3-BF4B-00C04F79EFBC}") = "Demo02", "Demo02\Demo02.csproj", "{FD77FCBC-5176-41D7-9940-9C2ECDC90697}"
EndProject
Project("{FAE04EC0-301F-11D3-BF4B-00C04F79EFBC}") = "Demo03", "Demo03\Demo03.csproj", "{E30067A1-C4CE-43C4-994B-56A8CA74B3F0}"
EndProject
Global
	GlobalSection(SolutionConfigurationPlatforms) = preSolution
		Debug|Any CPU = Debug|Any CPU
		Release|Any CPU = Release|Any CPU
	EndGlobalSection
	GlobalSection(ProjectConfigurationPlatforms) = postSolution
		{026D9D3C-D33D-4C75-83A0-6C8B1040D00E}.Debug|Any CPU.ActiveCfg = Debug|Any CPU
		{026D9D3C-D33D-4C75-83A0-6C8B1040D00E}.Debug|Any CPU.Build.0 = Debug|Any CPU
		{026D9D3C-D33D-4C75-83A0-6C8B1040D00E}.Release|Any CPU.ActiveCfg = Release|Any CPU
		{026D9D3C-D33D-4C75-83A0-6C8B1040D00E}.Release|Any CPU.Build.0 = Release|Any CPU
		{FD77FCBC-5176-41D7-9940-9C2ECDC90697}.Debug|Any CPU.ActiveCfg = Debug|Any CPU
		{FD77FCBC-5176-41D7-9940-9C2ECDC90697}.Debug|Any CPU.Build.0 = Debug|Any CPU
		{FD77FCBC-5176-41D7-9940-9C2ECDC90697}.Release|Any CPU.ActiveCfg = Release|Any CPU
		{FD77FCBC-5176-41D7-9940-9C2ECDC90697}.Release|Any CPU.Build.0 = Release|Any CPU
		{E30067A1-C4CE-43C4-994B-56A8CA74B3F0}.Debug|Any CPU.ActiveCfg = Debug|Any CPU
		{E30067A1-C4CE-43C4-994B-56A8CA74B3F0}.Debug|Any CPU.Build.0 = Debug|Any CPU
		{E30067A1-C4CE-43C4-994B-56A8CA74B3F0}.Release|Any CPU.ActiveCfg = Release|Any CPU
		{E30067A1-C4CE-43C4-994B-56A8CA74B3F0}.Release|Any CPU.Build.0 = Release|Any CPU
	EndGlobalSection
	GlobalSection(SolutionProperties) = preSolution
		HideSolutionNode = FALSE
	EndGlobalSection
	GlobalSection(ExtensibilityGlobals) = postSolution
		SolutionGuid = {01D2BA1E-A605-40B4-9C82-9ADDB5DFD56C}
	EndGlobalSection
EndGlobal
